
Microsoft Visual Studio Solution File, Format Version 12.00
# Visual Studio Version 17
VisualStudioVersion = 17.13.35931.197
MinimumVisualStudioVersion = 10.0.40219.1
Project("{FAE04EC0-301F-11D3-BF4B-00C04F79EFBC}") = "NBA2KComboGenerator.Core", "NBA2KComboGenerator.Core\NBA2KComboGenerator.Core.csproj", "{01CC3E88-0E0E-45AC-986D-9BFF29682845}"
EndProject
Global
	GlobalSection(SolutionConfigurationPlatforms) = preSolution
		Debug|Any CPU = Debug|Any CPU
		Release|Any CPU = Release|Any CPU
	EndGlobalSection
	GlobalSection(ProjectConfigurationPlatforms) = postSolution
		{01CC3E88-0E0E-45AC-986D-9BFF29682845}.Debug|Any CPU.ActiveCfg = Debug|Any CPU
		{01CC3E88-0E0E-45AC-986D-9BFF29682845}.Debug|Any CPU.Build.0 = Debug|Any CPU
		{01CC3E88-0E0E-45AC-986D-9BFF29682845}.Release|Any CPU.ActiveCfg = Release|Any CPU
		{01CC3E88-0E0E-45AC-986D-9BFF29682845}.Release|Any CPU.Build.0 = Release|Any CPU
	EndGlobalSection
	GlobalSection(SolutionProperties) = preSolution
		HideSolutionNode = FALSE
	EndGlobalSection
	GlobalSection(ExtensibilityGlobals) = postSolution
		SolutionGuid = {3A6F9668-9055-4C12-8874-48A2C5F42841}
	EndGlobalSection
EndGlobal
